<?xml version="1.0" encoding="utf-8"?>
<Project ToolsVersion="4.0" xmlns="http://schemas.microsoft.com/developer/msbuild/2003">
  <ItemGroup>
    <Filter Include="Source Files">
      <UniqueIdentifier>{4FC737F1-C7A5-4376-A066-2A32D752A2FF}</UniqueIdentifier>
      <Extensions>cpp;c;cc;cxx;c++;cppm;ixx;def;odl;idl;hpj;bat;asm;asmx</Extensions>
    </Filter>
    <Filter Include="Header Files">
      <UniqueIdentifier>{93995380-89BD-4b04-88EB-625FBE52EBFB}</UniqueIdentifier>
      <Extensions>h;hh;hpp;hxx;h++;hm;inl;inc;ipp;xsd</Extensions>
    </Filter>
    <Filter Include="Resource Files">
      <UniqueIdentifier>{67DA6AB6-F800-4c08-8B7A-83BB121AAD01}</UniqueIdentifier>
      <Extensions>rc;ico;cur;bmp;dlg;rc2;rct;bin;rgs;gif;jpg;jpeg;jpe;resx;tiff;tif;png;wav;mfcribbon-ms</Extensions>
    </Filter>
    <Filter Include="Header Files\BackEnd">
      <UniqueIdentifier>{43959345-e80d-4ff5-89db-2f2fecc635a6}</UniqueIdentifier>
    </Filter>
    <Filter Include="Source Files\BackEnd">
      <UniqueIdentifier>{b6fc0aad-ab7b-41ca-90f0-dd7a92f192ad}</UniqueIdentifier>
    </Filter>
    <Filter Include="Header Files\Game">
      <UniqueIdentifier>{a4fff1b5-99e2-48c9-8879-619fe42ace88}</UniqueIdentifier>
    </Filter>
    <Filter Include="Source Files\Game">
      <UniqueIdentifier>{967b5a11-9893-4899-93b1-60bd673a20ba}</UniqueIdentifier>
    </Filter>
    <Filter Include="Header Files\Graphics">
      <UniqueIdentifier>{0a795e20-bf99-4ba1-84e5-2b4d4ef610e6}</UniqueIdentifier>
    </Filter>
    <Filter Include="Source Files\Graphics">
      <UniqueIdentifier>{59fc9611-7965-460f-92d8-7d269b46ca4f}</UniqueIdentifier>
    </Filter>
    <Filter Include="Header Files\Math">
      <UniqueIdentifier>{f6483f57-a593-4480-9650-ea8a6699833a}</UniqueIdentifier>
    </Filter>
    <Filter Include="Source Files\Math">
      <UniqueIdentifier>{367eff98-3758-467b-867a-67f19a5ecb2d}</UniqueIdentifier>
    </Filter>
    <Filter Include="Header Files\Input">
      <UniqueIdentifier>{b7436d4e-37fe-4f91-84b7-3e345a54df69}</UniqueIdentifier>
    </Filter>
    <Filter Include="Source Files\Input">
      <UniqueIdentifier>{05f3f694-317b-4330-a23c-458f23492e98}</UniqueIdentifier>
    </Filter>
    <Filter Include="Header Files\UI">
      <UniqueIdentifier>{bdda91f0-e6f5-4b0d-bc1d-be14aa7cc6a2}</UniqueIdentifier>
    </Filter>
    <Filter Include="Header Files\Audio">
      <UniqueIdentifier>{2302a471-9122-4566-9664-98ddd27ca2c5}</UniqueIdentifier>
    </Filter>
    <Filter Include="Resource Files\Assets">
      <UniqueIdentifier>{8463b886-1300-4b2a-afac-9bf0be092364}</UniqueIdentifier>
    </Filter>
    <Filter Include="Resource Files\Assets\AFX">
      <UniqueIdentifier>{e72bca0b-c154-471d-911c-738a0740002b}</UniqueIdentifier>
    </Filter>
    <Filter Include="Resource Files\Assets\Fonts">
      <UniqueIdentifier>{abe2ff81-ade5-4f88-ae70-3dbc547c50a4}</UniqueIdentifier>
    </Filter>
    <Filter Include="Resource Files\Assets\Textures">
      <UniqueIdentifier>{daa0024f-2ba9-43fa-98a8-07aeefa13f15}</UniqueIdentifier>
    </Filter>
    <Filter Include="Resource Files\Assets\Shaders">
      <UniqueIdentifier>{5bebb231-cd73-46d7-b01c-19157ab40950}</UniqueIdentifier>
    </Filter>
    <Filter Include="Resource Files\Assets\Audio">
      <UniqueIdentifier>{a92d8c04-464c-4c52-96a6-968f9ecc7601}</UniqueIdentifier>
    </Filter>
    <Filter Include="Source Files\UI">
      <UniqueIdentifier>{38e12c83-067e-4fca-847f-fa752a661764}</UniqueIdentifier>
    </Filter>
    <Filter Include="Header Files\Util">
      <UniqueIdentifier>{0749a8ea-60b5-440b-abf4-08e9a72af608}</UniqueIdentifier>
    </Filter>
    <Filter Include="Source Files\Util">
      <UniqueIdentifier>{aaca6f1e-dedb-4510-a2f4-5f2436782fc1}</UniqueIdentifier>
    </Filter>
    <Filter Include="Projects">
      <UniqueIdentifier>{c3f88681-f3ac-4ac0-8c38-4627012d4319}</UniqueIdentifier>
    </Filter>
    <Filter Include="Projects\TowerDefense">
      <UniqueIdentifier>{dc6cf74a-4953-418f-a1d0-4ee85d479a96}</UniqueIdentifier>
    </Filter>
    <Filter Include="Header Files\Graphics\Materials">
      <UniqueIdentifier>{f0a2ddc5-d7aa-4012-bb78-37dd83b2c173}</UniqueIdentifier>
    </Filter>
    <Filter Include="Source Files\Graphics\Materials">
      <UniqueIdentifier>{07700452-4fd5-4e78-b883-a04ad0f6f385}</UniqueIdentifier>
    </Filter>
    <Filter Include="Projects\CollisionTest">
      <UniqueIdentifier>{804624b9-cbc3-4364-97f0-382a800562c6}</UniqueIdentifier>
    </Filter>
  </ItemGroup>
  <ItemGroup>
    <ClCompile Include="Main.cpp">
      <Filter>Source Files</Filter>
    </ClCompile>
    <ClCompile Include="Math\Matrix4x4.cpp">
      <Filter>Source Files\Math</Filter>
    </ClCompile>
    <ClCompile Include="BackEnd\stb.cpp">
      <Filter>Source Files\BackEnd</Filter>
    </ClCompile>
    <ClCompile Include="BackEnd\VAO.cpp">
      <Filter>Source Files\BackEnd</Filter>
    </ClCompile>
    <ClCompile Include="BackEnd\VBO.cpp">
      <Filter>Source Files\BackEnd</Filter>
    </ClCompile>
    <ClCompile Include="BackEnd\EBO.cpp">
      <Filter>Source Files\BackEnd</Filter>
    </ClCompile>
    <ClCompile Include="BackEnd\glad.c">
      <Filter>Source Files\BackEnd</Filter>
    </ClCompile>
    <ClCompile Include="Graphics\Graphic.cpp">
      <Filter>Source Files\Graphics</Filter>
    </ClCompile>
    <ClCompile Include="Graphics\Renderer.cpp">
      <Filter>Source Files\Graphics</Filter>
    </ClCompile>
    <ClCompile Include="Graphics\ShaderClass.cpp">
      <Filter>Source Files\Graphics</Filter>
    </ClCompile>
    <ClCompile Include="Graphics\Texture.cpp">
      <Filter>Source Files\Graphics</Filter>
    </ClCompile>
    <ClCompile Include="Game\Game.cpp">
      <Filter>Source Files\Game</Filter>
    </ClCompile>
    <ClCompile Include="Graphics\Sprite.cpp">
      <Filter>Source Files\Graphics</Filter>
    </ClCompile>
    <ClCompile Include="Math\BoxBounds.cpp">
      <Filter>Source Files\Math</Filter>
    </ClCompile>
    <ClCompile Include="Audio\SoundController.cpp">
      <Filter>Resource Files\Assets\Audio</Filter>
    </ClCompile>
    <ClCompile Include="Util\Callback.cpp">
      <Filter>Source Files\Util</Filter>
    </ClCompile>
    <ClCompile Include="BackEnd\FinalRect.cpp">
      <Filter>Source Files\BackEnd</Filter>
    </ClCompile>
    <ClCompile Include="BackEnd\FBO.cpp">
      <Filter>Source Files\BackEnd</Filter>
    </ClCompile>
    <ClCompile Include="Projects\TowerDefense\TowerDefenseGame.cpp">
      <Filter>Projects\TowerDefense</Filter>
    </ClCompile>
    <ClCompile Include="Util\PseudoCode.cpp">
      <Filter>Source Files\Util</Filter>
    </ClCompile>
    <ClCompile Include="Game\BaseNode.cpp">
      <Filter>Source Files\Game</Filter>
    </ClCompile>
    <ClCompile Include="Game\BaseComponent.cpp">
      <Filter>Source Files\Game</Filter>
    </ClCompile>
    <ClCompile Include="Game\FBOComponent.cpp">
      <Filter>Source Files\Game</Filter>
    </ClCompile>
    <ClCompile Include="Util\Utility.cpp">
      <Filter>Source Files\Util</Filter>
    </ClCompile>
    <ClCompile Include="Game\RenderNode.cpp">
      <Filter>Source Files\Game</Filter>
    </ClCompile>
    <ClCompile Include="Game\MouseEventComponent.cpp">
      <Filter>Source Files\Game</Filter>
    </ClCompile>
    <ClCompile Include="Input\MouseEventHandler.cpp">
      <Filter>Source Files\Input</Filter>
    </ClCompile>
    <ClCompile Include="UI\Button.cpp">
      <Filter>Source Files\UI</Filter>
    </ClCompile>
    <ClCompile Include="Math\Bounds.cpp">
      <Filter>Source Files\Math</Filter>
    </ClCompile>
    <ClCompile Include="Graphics\Materials\MaterialDefault.cpp">
      <Filter>Source Files\Graphics\Materials</Filter>
    </ClCompile>
    <ClCompile Include="Graphics\Materials\Material.cpp">
      <Filter>Source Files\Graphics\Materials</Filter>
    </ClCompile>
    <ClCompile Include="Graphics\Materials\MaterialButton.cpp">
      <Filter>Source Files\Graphics\Materials</Filter>
    </ClCompile>
    <ClCompile Include="UI\Text.cpp">
      <Filter>Source Files\UI</Filter>
    </ClCompile>
    <ClCompile Include="Graphics\Materials\MaterialText.cpp">
      <Filter>Source Files\Graphics\Materials</Filter>
    </ClCompile>
    <ClCompile Include="Math\AABoxBounds.cpp">
      <Filter>Source Files\Math</Filter>
    </ClCompile>
    <ClCompile Include="Math\SphereBounds.cpp">
      <Filter>Source Files\Math</Filter>
    </ClCompile>
    <ClCompile Include="Math\CollisionDetection.cpp">
      <Filter>Source Files\Math</Filter>
    </ClCompile>
    <ClCompile Include="Projects\CollisionTest\ColliisonTestGame.cpp">
      <Filter>Projects\CollisionTest</Filter>
    </ClCompile>
    <ClCompile Include="Math\CollisionHandler.cpp">
      <Filter>Source Files\Math</Filter>
    </ClCompile>
    <ClCompile Include="Math\PhysicsObject.cpp">
      <Filter>Source Files\Math</Filter>
    </ClCompile>
    <ClCompile Include="Projects\CollisionTest\CollisionTesMain.cpp">
      <Filter>Projects\CollisionTest</Filter>
    </ClCompile>
  </ItemGroup>
  <ItemGroup>
    <ClInclude Include="Math\Matrix4x4.h">
      <Filter>Header Files\Math</Filter>
    </ClInclude>
    <ClInclude Include="BackEnd\EBO.h">
      <Filter>Header Files\BackEnd</Filter>
    </ClInclude>
    <ClInclude Include="BackEnd\VAO.h">
      <Filter>Header Files\BackEnd</Filter>
    </ClInclude>
    <ClInclude Include="BackEnd\VBO.h">
      <Filter>Header Files\BackEnd</Filter>
    </ClInclude>
    <ClInclude Include="Graphics\Renderer.h">
      <Filter>Header Files\Graphics</Filter>
    </ClInclude>
    <ClInclude Include="Graphics\ShaderClass.h">
      <Filter>Header Files\Graphics</Filter>
    </ClInclude>
    <ClInclude Include="Graphics\Texture.h">
      <Filter>Header Files\Graphics</Filter>
    </ClInclude>
    <ClInclude Include="Graphics\Graphic.h">
      <Filter>Header Files\Graphics</Filter>
    </ClInclude>
    <ClInclude Include="Game\Game.h">
      <Filter>Header Files\Game</Filter>
    </ClInclude>
    <ClInclude Include="Graphics\Sprite.h">
      <Filter>Header Files\Graphics</Filter>
    </ClInclude>
    <ClInclude Include="Math\Bounds.h">
      <Filter>Header Files\Math</Filter>
    </ClInclude>
    <ClInclude Include="Math\BoxBounds.h">
      <Filter>Header Files\Math</Filter>
    </ClInclude>
    <ClInclude Include="Audio\SoundController.h">
      <Filter>Header Files\Audio</Filter>
    </ClInclude>
    <ClInclude Include="Util\Callback.h">
      <Filter>Header Files\Util</Filter>
    </ClInclude>
    <ClInclude Include="BackEnd\FinalRect.h">
      <Filter>Header Files\BackEnd</Filter>
    </ClInclude>
    <ClInclude Include="BackEnd\FBO.h">
      <Filter>Header Files\BackEnd</Filter>
    </ClInclude>
    <ClInclude Include="Projects\TowerDefense\TowerDefenseGame.h">
      <Filter>Projects\TowerDefense</Filter>
    </ClInclude>
    <ClInclude Include="Game\BaseNode.h">
      <Filter>Header Files\Game</Filter>
    </ClInclude>
    <ClInclude Include="Game\BaseComponent.h">
      <Filter>Header Files\Game</Filter>
    </ClInclude>
    <ClInclude Include="Game\FBOComponent.h">
      <Filter>Header Files\Game</Filter>
    </ClInclude>
    <ClInclude Include="Util\Utility.h">
      <Filter>Header Files\Util</Filter>
    </ClInclude>
    <ClInclude Include="Game\RenderNode.h">
      <Filter>Header Files\Game</Filter>
    </ClInclude>
    <ClInclude Include="Game\MouseEventComponent.h">
      <Filter>Header Files\Game</Filter>
    </ClInclude>
    <ClInclude Include="Input\MouseEventHandler.h">
      <Filter>Header Files\Input</Filter>
    </ClInclude>
    <ClInclude Include="UI\Button.h">
      <Filter>Header Files\UI</Filter>
    </ClInclude>
    <ClInclude Include="Graphics\Materials\Material.h">
      <Filter>Header Files\Graphics\Materials</Filter>
    </ClInclude>
    <ClInclude Include="Graphics\Materials\MaterialDefault.h">
      <Filter>Header Files\Graphics\Materials</Filter>
    </ClInclude>
    <ClInclude Include="Graphics\Materials\MaterialButton.h">
      <Filter>Header Files\Graphics\Materials</Filter>
    </ClInclude>
    <ClInclude Include="UI\Text.h">
      <Filter>Header Files\UI</Filter>
    </ClInclude>
    <ClInclude Include="Graphics\Materials\MaterialText.h">
      <Filter>Header Files\Graphics\Materials</Filter>
    </ClInclude>
    <ClInclude Include="Math\SphereBounds.h">
      <Filter>Header Files\Math</Filter>
    </ClInclude>
    <ClInclude Include="Math\AABoxBounds.h">
      <Filter>Header Files\Math</Filter>
    </ClInclude>
    <ClInclude Include="Math\CollisionDetection.h">
      <Filter>Header Files\Math</Filter>
    </ClInclude>
    <ClInclude Include="Projects\CollisionTest\ColliisonTestGame.h">
      <Filter>Projects\CollisionTest</Filter>
    </ClInclude>
    <ClInclude Include="Math\CollisionHandler.h">
      <Filter>Header Files\Math</Filter>
    </ClInclude>
    <ClInclude Include="Math\SeparationData.h">
      <Filter>Header Files\Math</Filter>
    </ClInclude>
    <ClInclude Include="Math\PhysicsObject.h">
      <Filter>Header Files\Math</Filter>
    </ClInclude>
    <ClInclude Include="Projects\CollisionTest\CollisionTesMain.h">
      <Filter>Projects\CollisionTest</Filter>
    </ClInclude>
  </ItemGroup>
  <ItemGroup>
    <Media Include="Assets\AFX\btn_press.wav">
      <Filter>Resource Files\Assets\AFX</Filter>
    </Media>
  </ItemGroup>
  <ItemGroup>
    <None Include="Assets\Shaders\default.frag">
      <Filter>Resource Files\Assets\Shaders</Filter>
    </None>
    <None Include="Assets\Shaders\default.vert">
      <Filter>Resource Files\Assets\Shaders</Filter>
    </None>
    <None Include="Assets\Shaders\outlineText.frag">
      <Filter>Resource Files\Assets\Shaders</Filter>
    </None>
    <None Include="Assets\Shaders\outlineText.vert">
      <Filter>Resource Files\Assets\Shaders</Filter>
    </None>
    <None Include="Assets\Shaders\text.frag">
      <Filter>Resource Files\Assets\Shaders</Filter>
    </None>
    <None Include="Assets\Shaders\text.vert">
      <Filter>Resource Files\Assets\Shaders</Filter>
    </None>
    <None Include="Assets\Shaders\animated_sprite.frag">
      <Filter>Resource Files\Assets\Shaders</Filter>
    </None>
    <None Include="Assets\Shaders\animated_sprite.vert">
      <Filter>Resource Files\Assets\Shaders</Filter>
    </None>
    <None Include="Assets\Shaders\final_rect.frag">
      <Filter>Resource Files\Assets\Shaders</Filter>
    </None>
    <None Include="Assets\Shaders\final_rect.vert">
      <Filter>Resource Files\Assets\Shaders</Filter>
    </None>
  </ItemGroup>
  <ItemGroup>
    <Image Include="Assets\Textures\btn.png">
      <Filter>Resource Files\Assets\Textures</Filter>
    </Image>
    <Image Include="Assets\Textures\default.png">
      <Filter>Resource Files\Assets\Textures</Filter>
    </Image>
    <Image Include="Assets\Textures\pogcat.png">
      <Filter>Resource Files\Assets\Textures</Filter>
    </Image>
    <Image Include="Assets\Textures\pogcattile.png">
      <Filter>Resource Files\Assets\Textures</Filter>
    </Image>
    <Image Include="Assets\Textures\sliderBGdefault.png">
      <Filter>Resource Files\Assets\Textures</Filter>
    </Image>
    <Image Include="Assets\Textures\sliderPinDefault.png">
      <Filter>Resource Files\Assets\Textures</Filter>
    </Image>
    <Image Include="Assets\Textures\snowball - Copy.png">
      <Filter>Resource Files\Assets\Textures</Filter>
    </Image>
    <Image Include="Assets\Textures\snowball.png">
      <Filter>Resource Files\Assets\Textures</Filter>
    </Image>
    <Image Include="Assets\Textures\temp.png">
      <Filter>Resource Files\Assets\Textures</Filter>
    </Image>
  </ItemGroup>
</Project>